// !$*UTF8*$!
{
	archiveVersion = 1;
	classes = {
	};
	objectVersion = 46;
	objects = {

/* Begin PBXBuildFile section */
		0A1AB1C2165D0C2C002118B4 /* MessageUI.framework in Frameworks */ = {isa = PBXBuildFile; fileRef = 0A1AB1C1165D0C2C002118B4 /* MessageUI.framework */; };
		0A3EF75119DC2FAE00258643 /* Images.xcassets in Resources */ = {isa = PBXBuildFile; fileRef = 0A3EF75019DC2FAE00258643 /* Images.xcassets */; };
		0A6777C6171D7FB70071CE7B /* ChildViewController.m in Sources */ = {isa = PBXBuildFile; fileRef = 0A6777C5171D7FB70071CE7B /* ChildViewController.m */; };
		0A73071A15EB7BC2008B0A98 /* CoreLocation.framework in Frameworks */ = {isa = PBXBuildFile; fileRef = 0A73071915EB7BC2008B0A98 /* CoreLocation.framework */; };
		0A73071C15EB7BC8008B0A98 /* MapKit.framework in Frameworks */ = {isa = PBXBuildFile; fileRef = 0A73071B15EB7BC8008B0A98 /* MapKit.framework */; };
		0A77A6E115610004003F0DD6 /* UIKit.framework in Frameworks */ = {isa = PBXBuildFile; fileRef = 0A77A6E015610004003F0DD6 /* UIKit.framework */; };
		0A77A6E315610004003F0DD6 /* Foundation.framework in Frameworks */ = {isa = PBXBuildFile; fileRef = 0A77A6E215610004003F0DD6 /* Foundation.framework */; };
		0A77A6E515610004003F0DD6 /* CoreGraphics.framework in Frameworks */ = {isa = PBXBuildFile; fileRef = 0A77A6E415610004003F0DD6 /* CoreGraphics.framework */; };
		0A77A6EB15610004003F0DD6 /* InfoPlist.strings in Resources */ = {isa = PBXBuildFile; fileRef = 0A77A6E915610004003F0DD6 /* InfoPlist.strings */; };
		0A77A6ED15610004003F0DD6 /* main.m in Sources */ = {isa = PBXBuildFile; fileRef = 0A77A6EC15610004003F0DD6 /* main.m */; };
		0A77A6F115610004003F0DD6 /* AppDelegate.m in Sources */ = {isa = PBXBuildFile; fileRef = 0A77A6F015610004003F0DD6 /* AppDelegate.m */; };
		0A77A6F815610019003F0DD6 /* QuartzCore.framework in Frameworks */ = {isa = PBXBuildFile; fileRef = 0A77A6F715610019003F0DD6 /* QuartzCore.framework */; };
		0A77A6FA1561001D003F0DD6 /* CoreText.framework in Frameworks */ = {isa = PBXBuildFile; fileRef = 0A77A6F91561001D003F0DD6 /* CoreText.framework */; };
		0A77A6FF15610058003F0DD6 /* MainViewController.m in Sources */ = {isa = PBXBuildFile; fileRef = 0A77A6FC15610058003F0DD6 /* MainViewController.m */; };
		0A77A732156100FF003F0DD6 /* Developers.pdf in Resources */ = {isa = PBXBuildFile; fileRef = 0A77A731156100FF003F0DD6 /* Developers.pdf */; };
		0A7B782916F35420001520B6 /* PDFTouch.bundle in Resources */ = {isa = PBXBuildFile; fileRef = 0A7B782816F35420001520B6 /* PDFTouch.bundle */; };
		0AA372621702FA1B00143D60 /* PDFTouch.framework in Frameworks */ = {isa = PBXBuildFile; fileRef = 0AA372611702FA1B00143D60 /* PDFTouch.framework */; };
		0AA83CF8161C187D00C0A391 /* Default-568h@2x.png in Resources */ = {isa = PBXBuildFile; fileRef = 0AA83CF7161C187D00C0A391 /* Default-568h@2x.png */; };
		0AFDBD5515738E41006F5214 /* MediaPlayer.framework in Frameworks */ = {isa = PBXBuildFile; fileRef = 0AFDBD5415738E41006F5214 /* MediaPlayer.framework */; };
		0AFDBD5715738EA0006F5214 /* pdftouch.pdf in Resources */ = {isa = PBXBuildFile; fileRef = 0AFDBD5615738EA0006F5214 /* pdftouch.pdf */; };
/* End PBXBuildFile section */

/* Begin PBXFileReference section */
		0A1AB1C1165D0C2C002118B4 /* MessageUI.framework */ = {isa = PBXFileReference; lastKnownFileType = wrapper.framework; name = MessageUI.framework; path = System/Library/Frameworks/MessageUI.framework; sourceTree = SDKROOT; };
		0A3EF75019DC2FAE00258643 /* Images.xcassets */ = {isa = PBXFileReference; lastKnownFileType = folder.assetcatalog; path = Images.xcassets; sourceTree = "<group>"; };
		0A6777C4171D7FB70071CE7B /* ChildViewController.h */ = {isa = PBXFileReference; fileEncoding = 4; lastKnownFileType = sourcecode.c.h; path = ChildViewController.h; sourceTree = "<group>"; };
		0A6777C5171D7FB70071CE7B /* ChildViewController.m */ = {isa = PBXFileReference; fileEncoding = 4; lastKnownFileType = sourcecode.c.objc; path = ChildViewController.m; sourceTree = "<group>"; };
		0A73071915EB7BC2008B0A98 /* CoreLocation.framework */ = {isa = PBXFileReference; lastKnownFileType = wrapper.framework; name = CoreLocation.framework; path = System/Library/Frameworks/CoreLocation.framework; sourceTree = SDKROOT; };
		0A73071B15EB7BC8008B0A98 /* MapKit.framework */ = {isa = PBXFileReference; lastKnownFileType = wrapper.framework; name = MapKit.framework; path = System/Library/Frameworks/MapKit.framework; sourceTree = SDKROOT; };
		0A77A6DC15610004003F0DD6 /* Demo.app */ = {isa = PBXFileReference; explicitFileType = wrapper.application; includeInIndex = 0; path = Demo.app; sourceTree = BUILT_PRODUCTS_DIR; };
		0A77A6E015610004003F0DD6 /* UIKit.framework */ = {isa = PBXFileReference; lastKnownFileType = wrapper.framework; name = UIKit.framework; path = System/Library/Frameworks/UIKit.framework; sourceTree = SDKROOT; };
		0A77A6E215610004003F0DD6 /* Foundation.framework */ = {isa = PBXFileReference; lastKnownFileType = wrapper.framework; name = Foundation.framework; path = System/Library/Frameworks/Foundation.framework; sourceTree = SDKROOT; };
		0A77A6E415610004003F0DD6 /* CoreGraphics.framework */ = {isa = PBXFileReference; lastKnownFileType = wrapper.framework; name = CoreGraphics.framework; path = System/Library/Frameworks/CoreGraphics.framework; sourceTree = SDKROOT; };
		0A77A6E815610004003F0DD6 /* Demo-Info.plist */ = {isa = PBXFileReference; lastKnownFileType = text.plist.xml; path = "Demo-Info.plist"; sourceTree = "<group>"; };
		0A77A6EA15610004003F0DD6 /* en */ = {isa = PBXFileReference; lastKnownFileType = text.plist.strings; name = en; path = en.lproj/InfoPlist.strings; sourceTree = "<group>"; };
		0A77A6EC15610004003F0DD6 /* main.m */ = {isa = PBXFileReference; lastKnownFileType = sourcecode.c.objc; path = main.m; sourceTree = "<group>"; };
		0A77A6EE15610004003F0DD6 /* Demo-Prefix.pch */ = {isa = PBXFileReference; lastKnownFileType = sourcecode.c.h; path = "Demo-Prefix.pch"; sourceTree = "<group>"; };
		0A77A6EF15610004003F0DD6 /* AppDelegate.h */ = {isa = PBXFileReference; lastKnownFileType = sourcecode.c.h; path = AppDelegate.h; sourceTree = "<group>"; };
		0A77A6F015610004003F0DD6 /* AppDelegate.m */ = {isa = PBXFileReference; lastKnownFileType = sourcecode.c.objc; path = AppDelegate.m; sourceTree = "<group>"; };
		0A77A6F715610019003F0DD6 /* QuartzCore.framework */ = {isa = PBXFileReference; lastKnownFileType = wrapper.framework; name = QuartzCore.framework; path = System/Library/Frameworks/QuartzCore.framework; sourceTree = SDKROOT; };
		0A77A6F91561001D003F0DD6 /* CoreText.framework */ = {isa = PBXFileReference; lastKnownFileType = wrapper.framework; name = CoreText.framework; path = System/Library/Frameworks/CoreText.framework; sourceTree = SDKROOT; };
		0A77A6FB15610058003F0DD6 /* MainViewController.h */ = {isa = PBXFileReference; fileEncoding = 4; lastKnownFileType = sourcecode.c.h; path = MainViewController.h; sourceTree = "<group>"; };
		0A77A6FC15610058003F0DD6 /* MainViewController.m */ = {isa = PBXFileReference; fileEncoding = 4; lastKnownFileType = sourcecode.c.objc; path = MainViewController.m; sourceTree = "<group>"; };
		0A77A731156100FF003F0DD6 /* Developers.pdf */ = {isa = PBXFileReference; lastKnownFileType = image.pdf; path = Developers.pdf; sourceTree = "<group>"; };
		0A7B782816F35420001520B6 /* PDFTouch.bundle */ = {isa = PBXFileReference; lastKnownFileType = "wrapper.plug-in"; path = PDFTouch.bundle; sourceTree = SOURCE_ROOT; };
		0AA372611702FA1B00143D60 /* PDFTouch.framework */ = {isa = PBXFileReference; lastKnownFileType = wrapper.framework; path = PDFTouch.framework; sourceTree = "<group>"; };
		0AA83CF7161C187D00C0A391 /* Default-568h@2x.png */ = {isa = PBXFileReference; lastKnownFileType = image.png; path = "Default-568h@2x.png"; sourceTree = "<group>"; };
		0AFDBD5415738E41006F5214 /* MediaPlayer.framework */ = {isa = PBXFileReference; lastKnownFileType = wrapper.framework; name = MediaPlayer.framework; path = System/Library/Frameworks/MediaPlayer.framework; sourceTree = SDKROOT; };
		0AFDBD5615738EA0006F5214 /* pdftouch.pdf */ = {isa = PBXFileReference; lastKnownFileType = image.pdf; path = pdftouch.pdf; sourceTree = "<group>"; };
/* End PBXFileReference section */

/* Begin PBXFrameworksBuildPhase section */
		0A77A6D915610004003F0DD6 /* Frameworks */ = {
			isa = PBXFrameworksBuildPhase;
			buildActionMask = 2147483647;
			files = (
				0A1AB1C2165D0C2C002118B4 /* MessageUI.framework in Frameworks */,
				0A73071C15EB7BC8008B0A98 /* MapKit.framework in Frameworks */,
				0A73071A15EB7BC2008B0A98 /* CoreLocation.framework in Frameworks */,
				0AFDBD5515738E41006F5214 /* MediaPlayer.framework in Frameworks */,
				0A77A6FA1561001D003F0DD6 /* CoreText.framework in Frameworks */,
				0A77A6F815610019003F0DD6 /* QuartzCore.framework in Frameworks */,
				0A77A6E115610004003F0DD6 /* UIKit.framework in Frameworks */,
				0A77A6E315610004003F0DD6 /* Foundation.framework in Frameworks */,
				0A77A6E515610004003F0DD6 /* CoreGraphics.framework in Frameworks */,
				0AA372621702FA1B00143D60 /* PDFTouch.framework in Frameworks */,
			);
			runOnlyForDeploymentPostprocessing = 0;
		};
/* End PBXFrameworksBuildPhase section */

/* Begin PBXGroup section */
		0A77A6D115610004003F0DD6 = {
			isa = PBXGroup;
			children = (
				0A77A730156100FF003F0DD6 /* Samples */,
				0A77A6E615610004003F0DD6 /* Demo */,
				0A77A6DF15610004003F0DD6 /* Frameworks */,
				0A77A6DD15610004003F0DD6 /* Products */,
			);
			sourceTree = "<group>";
		};
		0A77A6DD15610004003F0DD6 /* Products */ = {
			isa = PBXGroup;
			children = (
				0A77A6DC15610004003F0DD6 /* Demo.app */,
			);
			name = Products;
			sourceTree = "<group>";
		};
		0A77A6DF15610004003F0DD6 /* Frameworks */ = {
			isa = PBXGroup;
			children = (
				0AA372611702FA1B00143D60 /* PDFTouch.framework */,
				0A1AB1C1165D0C2C002118B4 /* MessageUI.framework */,
				0A73071B15EB7BC8008B0A98 /* MapKit.framework */,
				0A73071915EB7BC2008B0A98 /* CoreLocation.framework */,
				0AFDBD5415738E41006F5214 /* MediaPlayer.framework */,
				0A77A6F91561001D003F0DD6 /* CoreText.framework */,
				0A77A6F715610019003F0DD6 /* QuartzCore.framework */,
				0A77A6E015610004003F0DD6 /* UIKit.framework */,
				0A77A6E215610004003F0DD6 /* Foundation.framework */,
				0A77A6E415610004003F0DD6 /* CoreGraphics.framework */,
			);
			name = Frameworks;
			sourceTree = "<group>";
		};
		0A77A6E615610004003F0DD6 /* Demo */ = {
			isa = PBXGroup;
			children = (
				0A6777C4171D7FB70071CE7B /* ChildViewController.h */,
				0A6777C5171D7FB70071CE7B /* ChildViewController.m */,
				0A77A6FB15610058003F0DD6 /* MainViewController.h */,
				0A77A6FC15610058003F0DD6 /* MainViewController.m */,
				0A77A6EF15610004003F0DD6 /* AppDelegate.h */,
				0A77A6F015610004003F0DD6 /* AppDelegate.m */,
				0A77A6E715610004003F0DD6 /* Supporting Files */,
			);
			path = Demo;
			sourceTree = "<group>";
		};
		0A77A6E715610004003F0DD6 /* Supporting Files */ = {
			isa = PBXGroup;
			children = (
				0A3EF75019DC2FAE00258643 /* Images.xcassets */,
				0A7B782816F35420001520B6 /* PDFTouch.bundle */,
				0AA83CF7161C187D00C0A391 /* Default-568h@2x.png */,
				0A77A6E815610004003F0DD6 /* Demo-Info.plist */,
				0A77A6E915610004003F0DD6 /* InfoPlist.strings */,
				0A77A6EC15610004003F0DD6 /* main.m */,
				0A77A6EE15610004003F0DD6 /* Demo-Prefix.pch */,
			);
			name = "Supporting Files";
			sourceTree = "<group>";
		};
		0A77A730156100FF003F0DD6 /* Samples */ = {
			isa = PBXGroup;
			children = (
				0AFDBD5615738EA0006F5214 /* pdftouch.pdf */,
				0A77A731156100FF003F0DD6 /* Developers.pdf */,
			);
			path = Samples;
			sourceTree = "<group>";
		};
/* End PBXGroup section */

/* Begin PBXNativeTarget section */
		0A77A6DB15610004003F0DD6 /* Demo */ = {
			isa = PBXNativeTarget;
			buildConfigurationList = 0A77A6F415610004003F0DD6 /* Build configuration list for PBXNativeTarget "Demo" */;
			buildPhases = (
				0A77A6D815610004003F0DD6 /* Sources */,
				0A77A6D915610004003F0DD6 /* Frameworks */,
				0A77A6DA15610004003F0DD6 /* Resources */,
			);
			buildRules = (
			);
			dependencies = (
			);
			name = Demo;
			productName = Demo;
			productReference = 0A77A6DC15610004003F0DD6 /* Demo.app */;
			productType = "com.apple.product-type.application";
		};
/* End PBXNativeTarget section */

/* Begin PBXProject section */
		0A77A6D315610004003F0DD6 /* Project object */ = {
			isa = PBXProject;
			attributes = {
				LastUpgradeCheck = 0700;
			};
			buildConfigurationList = 0A77A6D615610004003F0DD6 /* Build configuration list for PBXProject "Demo" */;
			compatibilityVersion = "Xcode 3.2";
			developmentRegion = English;
			hasScannedForEncodings = 0;
			knownRegions = (
				en,
			);
			mainGroup = 0A77A6D115610004003F0DD6;
			productRefGroup = 0A77A6DD15610004003F0DD6 /* Products */;
			projectDirPath = "";
			projectRoot = "";
			targets = (
				0A77A6DB15610004003F0DD6 /* Demo */,
			);
		};
/* End PBXProject section */

/* Begin PBXResourcesBuildPhase section */
		0A77A6DA15610004003F0DD6 /* Resources */ = {
			isa = PBXResourcesBuildPhase;
			buildActionMask = 2147483647;
			files = (
				0A77A6EB15610004003F0DD6 /* InfoPlist.strings in Resources */,
				0A3EF75119DC2FAE00258643 /* Images.xcassets in Resources */,
				0A77A732156100FF003F0DD6 /* Developers.pdf in Resources */,
				0AFDBD5715738EA0006F5214 /* pdftouch.pdf in Resources */,
				0AA83CF8161C187D00C0A391 /* Default-568h@2x.png in Resources */,
				0A7B782916F35420001520B6 /* PDFTouch.bundle in Resources */,
			);
			runOnlyForDeploymentPostprocessing = 0;
		};
/* End PBXResourcesBuildPhase section */

/* Begin PBXSourcesBuildPhase section */
		0A77A6D815610004003F0DD6 /* Sources */ = {
			isa = PBXSourcesBuildPhase;
			buildActionMask = 2147483647;
			files = (
				0A77A6ED15610004003F0DD6 /* main.m in Sources */,
				0A77A6F115610004003F0DD6 /* AppDelegate.m in Sources */,
				0A77A6FF15610058003F0DD6 /* MainViewController.m in Sources */,
				0A6777C6171D7FB70071CE7B /* ChildViewController.m in Sources */,
			);
			runOnlyForDeploymentPostprocessing = 0;
		};
/* End PBXSourcesBuildPhase section */

/* Begin PBXVariantGroup section */
		0A77A6E915610004003F0DD6 /* InfoPlist.strings */ = {
			isa = PBXVariantGroup;
			children = (
				0A77A6EA15610004003F0DD6 /* en */,
			);
			name = InfoPlist.strings;
			sourceTree = "<group>";
		};
/* End PBXVariantGroup section */

/* Begin XCBuildConfiguration section */
		0A77A6F215610004003F0DD6 /* Debug */ = {
			isa = XCBuildConfiguration;
			buildSettings = {
				ALWAYS_SEARCH_USER_PATHS = NO;
				CLANG_WARN_BOOL_CONVERSION = YES;
				CLANG_WARN_CONSTANT_CONVERSION = YES;
				CLANG_WARN_EMPTY_BODY = YES;
				CLANG_WARN_ENUM_CONVERSION = YES;
				CLANG_WARN_INT_CONVERSION = YES;
				CLANG_WARN_UNREACHABLE_CODE = YES;
				CLANG_WARN__DUPLICATE_METHOD_MATCH = YES;
				"CODE_SIGN_IDENTITY[sdk=iphoneos*]" = "iPhone Developer";
				COPY_PHASE_STRIP = NO;
				ENABLE_STRICT_OBJC_MSGSEND = YES;
				ENABLE_TESTABILITY = YES;
				GCC_C_LANGUAGE_STANDARD = gnu99;
				GCC_DYNAMIC_NO_PIC = NO;
				GCC_NO_COMMON_BLOCKS = YES;
				GCC_OPTIMIZATION_LEVEL = 0;
				GCC_PREPROCESSOR_DEFINITIONS = (
					"DEBUG=1",
					"$(inherited)",
				);
				GCC_SYMBOLS_PRIVATE_EXTERN = NO;
				GCC_VERSION = com.apple.compilers.llvm.clang.1_0;
				GCC_WARN_64_TO_32_BIT_CONVERSION = YES;
				GCC_WARN_ABOUT_RETURN_TYPE = YES;
				GCC_WARN_UNDECLARED_SELECTOR = YES;
				GCC_WARN_UNINITIALIZED_AUTOS = YES;
				GCC_WARN_UNUSED_FUNCTION = YES;
				GCC_WARN_UNUSED_VARIABLE = YES;
				IPHONEOS_DEPLOYMENT_TARGET = 5.1;
				ONLY_ACTIVE_ARCH = YES;
				SDKROOT = iphoneos;
				TARGETED_DEVICE_FAMILY = "1,2";
			};
			name = Debug;
		};
		0A77A6F315610004003F0DD6 /* Release */ = {
			isa = XCBuildConfiguration;
			buildSettings = {
				ALWAYS_SEARCH_USER_PATHS = NO;
				CLANG_WARN_BOOL_CONVERSION = YES;
				CLANG_WARN_CONSTANT_CONVERSION = YES;
				CLANG_WARN_EMPTY_BODY = YES;
				CLANG_WARN_ENUM_CONVERSION = YES;
				CLANG_WARN_INT_CONVERSION = YES;
				CLANG_WARN_UNREACHABLE_CODE = YES;
				CLANG_WARN__DUPLICATE_METHOD_MATCH = YES;
				"CODE_SIGN_IDENTITY[sdk=iphoneos*]" = "iPhone Developer";
				COPY_PHASE_STRIP = YES;
				ENABLE_STRICT_OBJC_MSGSEND = YES;
				GCC_C_LANGUAGE_STANDARD = gnu99;
				GCC_NO_COMMON_BLOCKS = YES;
				GCC_VERSION = com.apple.compilers.llvm.clang.1_0;
				GCC_WARN_64_TO_32_BIT_CONVERSION = YES;
				GCC_WARN_ABOUT_RETURN_TYPE = YES;
				GCC_WARN_UNDECLARED_SELECTOR = YES;
				GCC_WARN_UNINITIALIZED_AUTOS = YES;
				GCC_WARN_UNUSED_FUNCTION = YES;
				GCC_WARN_UNUSED_VARIABLE = YES;
				IPHONEOS_DEPLOYMENT_TARGET = 5.1;
				OTHER_CFLAGS = "-DNS_BLOCK_ASSERTIONS=1";
				SDKROOT = iphoneos;
				TARGETED_DEVICE_FAMILY = "1,2";
				VALIDATE_PRODUCT = YES;
			};
			name = Release;
		};
		0A77A6F515610004003F0DD6 /* Debug */ = {
			isa = XCBuildConfiguration;
			buildSettings = {
				ASSETCATALOG_COMPILER_APPICON_NAME = AppIcon;
				ASSETCATALOG_COMPILER_LAUNCHIMAGE_NAME = LaunchImage;
				DEBUG_INFORMATION_FORMAT = dwarf;
				FRAMEWORK_SEARCH_PATHS = (
					"$(inherited)",
					"\"$(SRCROOT)\"",
				);
				GCC_PRECOMPILE_PREFIX_HEADER = YES;
				GCC_PREFIX_HEADER = "Demo/Demo-Prefix.pch";
				HEADER_SEARCH_PATHS = "";
				INFOPLIST_FILE = "Demo/Demo-Info.plist";
				IPHONEOS_DEPLOYMENT_TARGET = 7.0;
				LIBRARY_SEARCH_PATHS = "";
				OTHER_LDFLAGS = (
					"-all_load",
					"-ObjC",
				);
				PRODUCT_NAME = "$(TARGET_NAME)";
				VALID_ARCHS = "arm64 armv7";
				WRAPPER_EXTENSION = app;
			};
			name = Debug;
		};
		0A77A6F615610004003F0DD6 /* Release */ = {
			isa = XCBuildConfiguration;
			buildSettings = {
				ASSETCATALOG_COMPILER_APPICON_NAME = AppIcon;
				ASSETCATALOG_COMPILER_LAUNCHIMAGE_NAME = LaunchImage;
				DEBUG_INFORMATION_FORMAT = dwarf;
				FRAMEWORK_SEARCH_PATHS = (
					"$(inherited)",
					"\"$(SRCROOT)\"",
				);
				GCC_PRECOMPILE_PREFIX_HEADER = YES;
				GCC_PREFIX_HEADER = "Demo/Demo-Prefix.pch";
				HEADER_SEARCH_PATHS = "";
				INFOPLIST_FILE = "Demo/Demo-Info.plist";
				IPHONEOS_DEPLOYMENT_TARGET = 7.0;
				LIBRARY_SEARCH_PATHS = "";
				OTHER_LDFLAGS = (
					"-all_load",
					"-ObjC",
				);
				PRODUCT_NAME = "$(TARGET_NAME)";
				VALID_ARCHS = "arm64 armv7";
				WRAPPER_EXTENSION = app;
			};
			name = Release;
		};
/* End XCBuildConfiguration section */

/* Begin XCConfigurationList section */
		0A77A6D615610004003F0DD6 /* Build configuration list for PBXProject "Demo" */ = {
			isa = XCConfigurationList;
			buildConfigurations = (
				0A77A6F215610004003F0DD6 /* Debug */,
				0A77A6F315610004003F0DD6 /* Release */,
			);
			defaultConfigurationIsVisible = 0;
			defaultConfigurationName = Release;
		};
		0A77A6F415610004003F0DD6 /* Build configuration list for PBXNativeTarget "Demo" */ = {
			isa = XCConfigurationList;
			buildConfigurations = (
				0A77A6F515610004003F0DD6 /* Debug */,
				0A77A6F615610004003F0DD6 /* Release */,
			);
			defaultConfigurationIsVisible = 0;
			defaultConfigurationName = Release;
		};
/* End XCConfigurationList section */
	};
	rootObject = 0A77A6D315610004003F0DD6 /* Project object */;
}
